
Microsoft Visual Studio Solution File, Format Version 12.00
# Visual Studio 15
VisualStudioVersion = 15.0.26730.12
MinimumVisualStudioVersion = 10.0.40219.1
Project("{FAE04EC0-301F-11D3-BF4B-00C04F79EFBC}") = "DryIocCore2", "DryIocCore2\DryIocCore2.csproj", "{C3AAF5D0-44C9-45E4-83D9-9F0274BDC300}"
EndProject
Global
	GlobalSection(SolutionConfigurationPlatforms) = preSolution
		Debug|Any CPU = Debug|Any CPU
		Release|Any CPU = Release|Any CPU
	EndGlobalSection
	GlobalSection(ProjectConfigurationPlatforms) = postSolution
		{C3AAF5D0-44C9-45E4-83D9-9F0274BDC300}.Debug|Any CPU.ActiveCfg = Debug|Any CPU
		{C3AAF5D0-44C9-45E4-83D9-9F0274BDC300}.Debug|Any CPU.Build.0 = Debug|Any CPU
		{C3AAF5D0-44C9-45E4-83D9-9F0274BDC300}.Release|Any CPU.ActiveCfg = Release|Any CPU
		{C3AAF5D0-44C9-45E4-83D9-9F0274BDC300}.Release|Any CPU.Build.0 = Release|Any CPU
	EndGlobalSection
	GlobalSection(SolutionProperties) = preSolution
		HideSolutionNode = FALSE
	EndGlobalSection
	GlobalSection(ExtensibilityGlobals) = postSolution
		SolutionGuid = {8C5BDD93-0108-4C43-AFC6-F863809C7EDC}
	EndGlobalSection
EndGlobal
